<?xml version="1.0" encoding="utf-8"?>
<Project ToolsVersion="4.0" xmlns="http://schemas.microsoft.com/developer/msbuild/2003">
  <ItemGroup>
    <Filter Include="Source Files">
      <UniqueIdentifier>{71841e5b-a7e8-4bda-98d5-4604bd10e074}</UniqueIdentifier>
      <Extensions>cpp;c;cxx;def;odl;idl;hpj;bat;asm</Extensions>
    </Filter>
    <Filter Include="Header Files">
      <UniqueIdentifier>{b0c62164-84bf-4733-b991-614788b227a0}</UniqueIdentifier>
      <Extensions>h;hpp;hxx;hm;inl;inc</Extensions>
    </Filter>
    <Filter Include="Resource Files">
      <UniqueIdentifier>{188a5094-21ea-4fe6-a307-24bcea269b4b}</UniqueIdentifier>
      <Extensions>rc;ico;cur;bmp;dlg;rc2;rct;bin;rgs;jpg;jpeg;jpe;manifest</Extensions>
    </Filter>
    <Filter Include="Header Files\NO5TL">
      <UniqueIdentifier>{45396c7a-cb01-4be2-a575-e3fc989aadc7}</UniqueIdentifier>
    </Filter>
    <Filter Include="Header Files\viksoe">
      <UniqueIdentifier>{56b2e82e-2fe7-4c3a-9f33-1a9e5eb93c99}</UniqueIdentifier>
    </Filter>
  </ItemGroup>
  <ItemGroup>
    <ClCompile Include="stdafx.cpp">
      <Filter>Source Files</Filter>
    </ClCompile>
    <ClCompile Include="sinuca01.cpp">
      <Filter>Source Files</Filter>
    </ClCompile>
    <ClCompile Include="Ball.cpp">
      <Filter>Source Files</Filter>
    </ClCompile>
    <ClCompile Include="Table.cpp">
      <Filter>Source Files</Filter>
    </ClCompile>
    <ClCompile Include="maindlg.cpp">
      <Filter>Source Files</Filter>
    </ClCompile>
    <ClCompile Include="COptionsDlg.cpp">
      <Filter>Source Files</Filter>
    </ClCompile>
  </ItemGroup>
  <ItemGroup>
    <ClInclude Include="stdafx.h">
      <Filter>Header Files</Filter>
    </ClInclude>
    <ClInclude Include="AboutDlg.h">
      <Filter>Header Files</Filter>
    </ClInclude>
    <ClInclude Include="resource.h">
      <Filter>Header Files</Filter>
    </ClInclude>
    <ClInclude Include="Ball.h">
      <Filter>Header Files</Filter>
    </ClInclude>
    <ClInclude Include="Table.h">
      <Filter>Header Files</Filter>
    </ClInclude>
    <ClInclude Include="maindlg.h">
      <Filter>Header Files</Filter>
    </ClInclude>
    <ClInclude Include="COptionsDlg.h">
      <Filter>Header Files</Filter>
    </ClInclude>
    <ClInclude Include="NO5TL\Color.h">
      <Filter>Header Files\NO5TL</Filter>
    </ClInclude>
    <ClInclude Include="NO5TL\IniFile.h">
      <Filter>Header Files\NO5TL</Filter>
    </ClInclude>
    <ClInclude Include="NO5TL\MyString.h">
      <Filter>Header Files\NO5TL</Filter>
    </ClInclude>
    <ClInclude Include="NO5TL\Vector.h">
      <Filter>Header Files\NO5TL</Filter>
    </ClInclude>
    <ClInclude Include="viksoe\PropertyItem.h">
      <Filter>Header Files\viksoe</Filter>
    </ClInclude>
    <ClInclude Include="viksoe\PropertyItemEditors.h">
      <Filter>Header Files\viksoe</Filter>
    </ClInclude>
    <ClInclude Include="viksoe\PropertyItemImpl.h">
      <Filter>Header Files\viksoe</Filter>
    </ClInclude>
    <ClInclude Include="viksoe\PropertyList.h">
      <Filter>Header Files\viksoe</Filter>
    </ClInclude>
  </ItemGroup>
  <ItemGroup>
    <ResourceCompile Include="sinuca01.rc">
      <Filter>Resource Files</Filter>
    </ResourceCompile>
  </ItemGroup>
  <ItemGroup>
    <Image Include="res\sinuca01.ico">
      <Filter>Resource Files</Filter>
    </Image>
  </ItemGroup>
</Project>